
Microsoft Visual Studio Solution File, Format Version 12.00
# Visual Studio Version 17
VisualStudioVersion = 17.8.34309.116
MinimumVisualStudioVersion = 10.0.40219.1
Project("{FAE04EC0-301F-11D3-BF4B-00C04F79EFBC}") = "PrimeiraAPI", "PrimeiraAPI\PrimeiraAPI.csproj", "{3901095A-BC32-4802-A85B-4B5AE5796997}"
EndProject
Global
	GlobalSection(SolutionConfigurationPlatforms) = preSolution
		Debug|Any CPU = Debug|Any CPU
		Release|Any CPU = Release|Any CPU
	EndGlobalSection
	GlobalSection(ProjectConfigurationPlatforms) = postSolution
		{3901095A-BC32-4802-A85B-4B5AE5796997}.Debug|Any CPU.ActiveCfg = Debug|Any CPU
		{3901095A-BC32-4802-A85B-4B5AE5796997}.Debug|Any CPU.Build.0 = Debug|Any CPU
		{3901095A-BC32-4802-A85B-4B5AE5796997}.Release|Any CPU.ActiveCfg = Release|Any CPU
		{3901095A-BC32-4802-A85B-4B5AE5796997}.Release|Any CPU.Build.0 = Release|Any CPU
	EndGlobalSection
	GlobalSection(SolutionProperties) = preSolution
		HideSolutionNode = FALSE
	EndGlobalSection
	GlobalSection(ExtensibilityGlobals) = postSolution
		SolutionGuid = {E1D463B9-D9AB-4DEF-A1E7-E3EF0A554E7B}
	EndGlobalSection
EndGlobal
